{
  "name": "@mndrk/agx",
  "version": "1.4.8",
  "lockfileVersion": 3,
  "requires": true,
  "packages": {
    "": {
      "name": "@mndrk/agx",
      "version": "1.4.8",
      "license": "MIT",
      "dependencies": {
        "@mndrk/memx": "^0.3.0"
      },
      "bin": {
        "agx": "index.js"
      }
    },
    "node_modules/@mndrk/memx": {
      "version": "0.3.1",
      "resolved": "https://registry.npmjs.org/@mndrk/memx/-/memx-0.3.1.tgz",
      "integrity": "sha512-XpgMfRTm24qtrmC0OuUsuFnpfggQWr+8lAe575oltg3Dwxj/cVH55PsEL9E+B18ZfGx1Q0lqCCPKsa31PiEVNA==",
      "license": "MIT",
      "bin": {
        "mem": "index.js"
      }
    }
  }
}
